
Microsoft Visual Studio Solution File, Format Version 12.00
# Visual Studio 14
VisualStudioVersion = 14.0.25420.1
MinimumVisualStudioVersion = 10.0.40219.1
Project("{FAE04EC0-301F-11D3-BF4B-00C04F79EFBC}") = "WebCam", "WebCam\WebCam.csproj", "{FACEC517-6D46-469C-B342-8195E8E5B3FD}"
EndProject
Project("{8BC9CEB8-8B4A-11D0-8D11-00A0C91BC942}") = "CameraTest", "CameraTest\CameraTest.vcxproj", "{B3AB1B36-E36D-487B-B934-A6CC4F42D0A7}"
EndProject
Project("{8BC9CEB8-8B4A-11D0-8D11-00A0C91BC942}") = "CameraLibrary", "CameraLibrary\CameraLibrary.vcxproj", "{05A285A0-E446-478C-8A7A-2FDC10B93C91}"
EndProject
Project("{54435603-DBB4-11D2-8724-00A0C9A8B90C}") = "Setup", "Setup\Setup.vdproj", "{D2948A36-E1D6-49D9-9432-87AAEFAFB105}"
EndProject
Project("{FAE04EC0-301F-11D3-BF4B-00C04F79EFBC}") = "Newton_method", "WebCam\Newton_method.csproj", "{D9A05C93-9A60-4B96-BF7D-C87153971281}"
EndProject
Global
	GlobalSection(SolutionConfigurationPlatforms) = preSolution
		Debug|Any CPU = Debug|Any CPU
		Debug|x64 = Debug|x64
		Debug|x86 = Debug|x86
		Release|Any CPU = Release|Any CPU
		Release|x64 = Release|x64
		Release|x86 = Release|x86
	EndGlobalSection
	GlobalSection(ProjectConfigurationPlatforms) = postSolution
		{FACEC517-6D46-469C-B342-8195E8E5B3FD}.Debug|Any CPU.ActiveCfg = Debug|x64
		{FACEC517-6D46-469C-B342-8195E8E5B3FD}.Debug|Any CPU.Build.0 = Debug|x64
		{FACEC517-6D46-469C-B342-8195E8E5B3FD}.Debug|x64.ActiveCfg = Debug|x64
		{FACEC517-6D46-469C-B342-8195E8E5B3FD}.Debug|x64.Build.0 = Debug|x64
		{FACEC517-6D46-469C-B342-8195E8E5B3FD}.Debug|x86.ActiveCfg = Debug|Any CPU
		{FACEC517-6D46-469C-B342-8195E8E5B3FD}.Debug|x86.Build.0 = Debug|Any CPU
		{FACEC517-6D46-469C-B342-8195E8E5B3FD}.Release|Any CPU.ActiveCfg = Release|x64
		{FACEC517-6D46-469C-B342-8195E8E5B3FD}.Release|Any CPU.Build.0 = Release|x64
		{FACEC517-6D46-469C-B342-8195E8E5B3FD}.Release|x64.ActiveCfg = Release|x64
		{FACEC517-6D46-469C-B342-8195E8E5B3FD}.Release|x64.Build.0 = Release|x64
		{FACEC517-6D46-469C-B342-8195E8E5B3FD}.Release|x86.ActiveCfg = Release|Any CPU
		{FACEC517-6D46-469C-B342-8195E8E5B3FD}.Release|x86.Build.0 = Release|Any CPU
		{B3AB1B36-E36D-487B-B934-A6CC4F42D0A7}.Debug|Any CPU.ActiveCfg = Debug|x64
		{B3AB1B36-E36D-487B-B934-A6CC4F42D0A7}.Debug|Any CPU.Build.0 = Debug|x64
		{B3AB1B36-E36D-487B-B934-A6CC4F42D0A7}.Debug|x64.ActiveCfg = Debug|x64
		{B3AB1B36-E36D-487B-B934-A6CC4F42D0A7}.Debug|x64.Build.0 = Debug|x64
		{B3AB1B36-E36D-487B-B934-A6CC4F42D0A7}.Debug|x86.ActiveCfg = Debug|Win32
		{B3AB1B36-E36D-487B-B934-A6CC4F42D0A7}.Debug|x86.Build.0 = Debug|Win32
		{B3AB1B36-E36D-487B-B934-A6CC4F42D0A7}.Release|Any CPU.ActiveCfg = Release|x64
		{B3AB1B36-E36D-487B-B934-A6CC4F42D0A7}.Release|x64.ActiveCfg = Release|x64
		{B3AB1B36-E36D-487B-B934-A6CC4F42D0A7}.Release|x86.ActiveCfg = Release|Win32
		{B3AB1B36-E36D-487B-B934-A6CC4F42D0A7}.Release|x86.Build.0 = Release|Win32
		{05A285A0-E446-478C-8A7A-2FDC10B93C91}.Debug|Any CPU.ActiveCfg = Debug|x64
		{05A285A0-E446-478C-8A7A-2FDC10B93C91}.Debug|Any CPU.Build.0 = Debug|x64
		{05A285A0-E446-478C-8A7A-2FDC10B93C91}.Debug|x64.ActiveCfg = Debug|x64
		{05A285A0-E446-478C-8A7A-2FDC10B93C91}.Debug|x64.Build.0 = Debug|x64
		{05A285A0-E446-478C-8A7A-2FDC10B93C91}.Debug|x86.ActiveCfg = Debug|Win32
		{05A285A0-E446-478C-8A7A-2FDC10B93C91}.Debug|x86.Build.0 = Debug|Win32
		{05A285A0-E446-478C-8A7A-2FDC10B93C91}.Release|Any CPU.ActiveCfg = Release|x64
		{05A285A0-E446-478C-8A7A-2FDC10B93C91}.Release|Any CPU.Build.0 = Release|x64
		{05A285A0-E446-478C-8A7A-2FDC10B93C91}.Release|x64.ActiveCfg = Release|x64
		{05A285A0-E446-478C-8A7A-2FDC10B93C91}.Release|x64.Build.0 = Release|x64
		{05A285A0-E446-478C-8A7A-2FDC10B93C91}.Release|x86.ActiveCfg = Release|Win32
		{05A285A0-E446-478C-8A7A-2FDC10B93C91}.Release|x86.Build.0 = Release|Win32
		{D2948A36-E1D6-49D9-9432-87AAEFAFB105}.Debug|Any CPU.ActiveCfg = Debug
		{D2948A36-E1D6-49D9-9432-87AAEFAFB105}.Debug|x64.ActiveCfg = Debug
		{D2948A36-E1D6-49D9-9432-87AAEFAFB105}.Debug|x86.ActiveCfg = Debug
		{D2948A36-E1D6-49D9-9432-87AAEFAFB105}.Release|Any CPU.ActiveCfg = Release
		{D2948A36-E1D6-49D9-9432-87AAEFAFB105}.Release|Any CPU.Build.0 = Release
		{D2948A36-E1D6-49D9-9432-87AAEFAFB105}.Release|x64.ActiveCfg = Release
		{D2948A36-E1D6-49D9-9432-87AAEFAFB105}.Release|x86.ActiveCfg = Release
		{D9A05C93-9A60-4B96-BF7D-C87153971281}.Debug|Any CPU.ActiveCfg = Debug|Any CPU
		{D9A05C93-9A60-4B96-BF7D-C87153971281}.Debug|Any CPU.Build.0 = Debug|Any CPU
		{D9A05C93-9A60-4B96-BF7D-C87153971281}.Debug|x64.ActiveCfg = Debug|Any CPU
		{D9A05C93-9A60-4B96-BF7D-C87153971281}.Debug|x64.Build.0 = Debug|Any CPU
		{D9A05C93-9A60-4B96-BF7D-C87153971281}.Debug|x86.ActiveCfg = Debug|Any CPU
		{D9A05C93-9A60-4B96-BF7D-C87153971281}.Debug|x86.Build.0 = Debug|Any CPU
		{D9A05C93-9A60-4B96-BF7D-C87153971281}.Release|Any CPU.ActiveCfg = Release|Any CPU
		{D9A05C93-9A60-4B96-BF7D-C87153971281}.Release|Any CPU.Build.0 = Release|Any CPU
		{D9A05C93-9A60-4B96-BF7D-C87153971281}.Release|x64.ActiveCfg = Release|Any CPU
		{D9A05C93-9A60-4B96-BF7D-C87153971281}.Release|x64.Build.0 = Release|Any CPU
		{D9A05C93-9A60-4B96-BF7D-C87153971281}.Release|x86.ActiveCfg = Release|Any CPU
		{D9A05C93-9A60-4B96-BF7D-C87153971281}.Release|x86.Build.0 = Release|Any CPU
	EndGlobalSection
	GlobalSection(SolutionProperties) = preSolution
		HideSolutionNode = FALSE
	EndGlobalSection
	GlobalSection(ExtensibilityGlobals) = postSolution
		SolutionGuid = {97D7F5BA-1586-4E93-90C2-30B08D67818A}
	EndGlobalSection
EndGlobal
